
Microsoft Visual Studio Solution File, Format Version 12.00
# Visual Studio Version 16
VisualStudioVersion = 16.0.29009.5
MinimumVisualStudioVersion = 10.0.40219.1
Project("{9A19103F-16F7-4668-BE54-9A1E7A4F7556}") = "JWTDotNetCore", "JWTDotNetCore.csproj", "{FE0116AC-CBC6-4D5A-B0E2-AD126EC68ECF}"
EndProject
Global
	GlobalSection(SolutionConfigurationPlatforms) = preSolution
		Debug|Any CPU = Debug|Any CPU
		Release|Any CPU = Release|Any CPU
	EndGlobalSection
	GlobalSection(ProjectConfigurationPlatforms) = postSolution
		{FE0116AC-CBC6-4D5A-B0E2-AD126EC68ECF}.Debug|Any CPU.ActiveCfg = Debug|Any CPU
		{FE0116AC-CBC6-4D5A-B0E2-AD126EC68ECF}.Debug|Any CPU.Build.0 = Debug|Any CPU
		{FE0116AC-CBC6-4D5A-B0E2-AD126EC68ECF}.Release|Any CPU.ActiveCfg = Release|Any CPU
		{FE0116AC-CBC6-4D5A-B0E2-AD126EC68ECF}.Release|Any CPU.Build.0 = Release|Any CPU
	EndGlobalSection
	GlobalSection(SolutionProperties) = preSolution
		HideSolutionNode = FALSE
	EndGlobalSection
	GlobalSection(ExtensibilityGlobals) = postSolution
		SolutionGuid = {A59C50DE-82D4-484E-A5EE-F7A5F9265C31}
	EndGlobalSection
EndGlobal
